
Microsoft Visual Studio Solution File, Format Version 12.00
# Visual Studio Version 17
VisualStudioVersion = 17.0.31903.59
MinimumVisualStudioVersion = 10.0.40219.1
Project("{FAE04EC0-301F-11D3-BF4B-00C04F79EFBC}") = "HowManyOfThisType", "HowManyOfThisType\HowManyOfThisType.csproj", "{CAE820E4-DF2E-41DB-A75D-D16A65243F57}"
EndProject
Project("{FAE04EC0-301F-11D3-BF4B-00C04F79EFBC}") = "TheyCameBefore", "TheyCameBefore\TheyCameBefore.csproj", "{858B61E8-D235-4D8B-B46D-90216261E271}"
EndProject
Project("{FAE04EC0-301F-11D3-BF4B-00C04F79EFBC}") = "MyGenericClass", "MyGenericClass\MyGenericClass.csproj", "{69C86BD6-65DF-4DFF-A6CE-19C2EE82C83E}"
EndProject
Project("{FAE04EC0-301F-11D3-BF4B-00C04F79EFBC}") = "MyEnumerable", "MyEnumerable\MyEnumerable.csproj", "{AB1EA781-B5B6-48B9-A39C-E3ED0A5C9C7A}"
EndProject
Project("{FAE04EC0-301F-11D3-BF4B-00C04F79EFBC}") = "JustLikeACollection", "JustLikeACollection\JustLikeACollection.csproj", "{266CD6DA-FA6E-4147-853A-3E85B2773E40}"
EndProject
Project("{FAE04EC0-301F-11D3-BF4B-00C04F79EFBC}") = "WriteStuff1", "WriteStuff1\WriteStuff1.csproj", "{0ADEBBC0-5B19-477D-A620-142C0901A0D2}"
EndProject
Project("{FAE04EC0-301F-11D3-BF4B-00C04F79EFBC}") = "WriteStuff2", "WriteStuff2\WriteStuff2.csproj", "{0C38373C-9632-4997-B2BF-A7ED39A02C08}"
EndProject
Global
	GlobalSection(SolutionConfigurationPlatforms) = preSolution
		Debug|Any CPU = Debug|Any CPU
		Release|Any CPU = Release|Any CPU
	EndGlobalSection
	GlobalSection(SolutionProperties) = preSolution
		HideSolutionNode = FALSE
	EndGlobalSection
	GlobalSection(ProjectConfigurationPlatforms) = postSolution
		{CAE820E4-DF2E-41DB-A75D-D16A65243F57}.Debug|Any CPU.ActiveCfg = Debug|Any CPU
		{CAE820E4-DF2E-41DB-A75D-D16A65243F57}.Debug|Any CPU.Build.0 = Debug|Any CPU
		{CAE820E4-DF2E-41DB-A75D-D16A65243F57}.Release|Any CPU.ActiveCfg = Release|Any CPU
		{CAE820E4-DF2E-41DB-A75D-D16A65243F57}.Release|Any CPU.Build.0 = Release|Any CPU
		{858B61E8-D235-4D8B-B46D-90216261E271}.Debug|Any CPU.ActiveCfg = Debug|Any CPU
		{858B61E8-D235-4D8B-B46D-90216261E271}.Debug|Any CPU.Build.0 = Debug|Any CPU
		{858B61E8-D235-4D8B-B46D-90216261E271}.Release|Any CPU.ActiveCfg = Release|Any CPU
		{858B61E8-D235-4D8B-B46D-90216261E271}.Release|Any CPU.Build.0 = Release|Any CPU
		{69C86BD6-65DF-4DFF-A6CE-19C2EE82C83E}.Debug|Any CPU.ActiveCfg = Debug|Any CPU
		{69C86BD6-65DF-4DFF-A6CE-19C2EE82C83E}.Debug|Any CPU.Build.0 = Debug|Any CPU
		{69C86BD6-65DF-4DFF-A6CE-19C2EE82C83E}.Release|Any CPU.ActiveCfg = Release|Any CPU
		{69C86BD6-65DF-4DFF-A6CE-19C2EE82C83E}.Release|Any CPU.Build.0 = Release|Any CPU
		{AB1EA781-B5B6-48B9-A39C-E3ED0A5C9C7A}.Debug|Any CPU.ActiveCfg = Debug|Any CPU
		{AB1EA781-B5B6-48B9-A39C-E3ED0A5C9C7A}.Debug|Any CPU.Build.0 = Debug|Any CPU
		{AB1EA781-B5B6-48B9-A39C-E3ED0A5C9C7A}.Release|Any CPU.ActiveCfg = Release|Any CPU
		{AB1EA781-B5B6-48B9-A39C-E3ED0A5C9C7A}.Release|Any CPU.Build.0 = Release|Any CPU
		{266CD6DA-FA6E-4147-853A-3E85B2773E40}.Debug|Any CPU.ActiveCfg = Debug|Any CPU
		{266CD6DA-FA6E-4147-853A-3E85B2773E40}.Debug|Any CPU.Build.0 = Debug|Any CPU
		{266CD6DA-FA6E-4147-853A-3E85B2773E40}.Release|Any CPU.ActiveCfg = Release|Any CPU
		{266CD6DA-FA6E-4147-853A-3E85B2773E40}.Release|Any CPU.Build.0 = Release|Any CPU
		{0ADEBBC0-5B19-477D-A620-142C0901A0D2}.Debug|Any CPU.ActiveCfg = Debug|Any CPU
		{0ADEBBC0-5B19-477D-A620-142C0901A0D2}.Debug|Any CPU.Build.0 = Debug|Any CPU
		{0ADEBBC0-5B19-477D-A620-142C0901A0D2}.Release|Any CPU.ActiveCfg = Release|Any CPU
		{0ADEBBC0-5B19-477D-A620-142C0901A0D2}.Release|Any CPU.Build.0 = Release|Any CPU
		{0C38373C-9632-4997-B2BF-A7ED39A02C08}.Debug|Any CPU.ActiveCfg = Debug|Any CPU
		{0C38373C-9632-4997-B2BF-A7ED39A02C08}.Debug|Any CPU.Build.0 = Debug|Any CPU
		{0C38373C-9632-4997-B2BF-A7ED39A02C08}.Release|Any CPU.ActiveCfg = Release|Any CPU
		{0C38373C-9632-4997-B2BF-A7ED39A02C08}.Release|Any CPU.Build.0 = Release|Any CPU
	EndGlobalSection
EndGlobal
